
Microsoft Visual Studio Solution File, Format Version 12.00
# Visual Studio Version 16
VisualStudioVersion = 16.0.29424.173
MinimumVisualStudioVersion = 10.0.40219.1
Project("{FAE04EC0-301F-11D3-BF4B-00C04F79EFBC}") = "Clase-Pasaje-de-datos", "Clase-Pasaje-de-datos\Clase-Pasaje-de-datos.csproj", "{5D395F4A-9ADA-43BA-8158-83BD509E7332}"
EndProject
Project("{FAE04EC0-301F-11D3-BF4B-00C04F79EFBC}") = "Entidades", "Entidades\Entidades.csproj", "{C532858E-2080-4B83-9111-4787508E9EB5}"
EndProject
Global
	GlobalSection(SolutionConfigurationPlatforms) = preSolution
		Debug|Any CPU = Debug|Any CPU
		Release|Any CPU = Release|Any CPU
	EndGlobalSection
	GlobalSection(ProjectConfigurationPlatforms) = postSolution
		{5D395F4A-9ADA-43BA-8158-83BD509E7332}.Debug|Any CPU.ActiveCfg = Debug|Any CPU
		{5D395F4A-9ADA-43BA-8158-83BD509E7332}.Debug|Any CPU.Build.0 = Debug|Any CPU
		{5D395F4A-9ADA-43BA-8158-83BD509E7332}.Release|Any CPU.ActiveCfg = Release|Any CPU
		{5D395F4A-9ADA-43BA-8158-83BD509E7332}.Release|Any CPU.Build.0 = Release|Any CPU
		{C532858E-2080-4B83-9111-4787508E9EB5}.Debug|Any CPU.ActiveCfg = Debug|Any CPU
		{C532858E-2080-4B83-9111-4787508E9EB5}.Debug|Any CPU.Build.0 = Debug|Any CPU
		{C532858E-2080-4B83-9111-4787508E9EB5}.Release|Any CPU.ActiveCfg = Release|Any CPU
		{C532858E-2080-4B83-9111-4787508E9EB5}.Release|Any CPU.Build.0 = Release|Any CPU
	EndGlobalSection
	GlobalSection(SolutionProperties) = preSolution
		HideSolutionNode = FALSE
	EndGlobalSection
	GlobalSection(ExtensibilityGlobals) = postSolution
		SolutionGuid = {8858286E-EAB1-4692-A2C4-9E4ECA118F42}
	EndGlobalSection
EndGlobal
